// !$*UTF8*$!
{
	archiveVersion = 1;
	classes = {
	};
	objectVersion = 51;
	objects = {

/* Begin PBXBuildFile section */
		04079E6B8BA15B1D512E9343 /* Pods_The_Color_Rap_Book_The_Color_Rap_BookUITests.framework in Frameworks */ = {isa = PBXBuildFile; fileRef = B6681F04C753960FDC9EC0B0 /* Pods_The_Color_Rap_Book_The_Color_Rap_BookUITests.framework */; };
		53038BEB24043E4100F36DB7 /* labelControl.swift in Sources */ = {isa = PBXBuildFile; fileRef = 53038BEA24043E4100F36DB7 /* labelControl.swift */; };
		530414DF23FECE2200E268C3 /* BackGroundDisplay.rtf in Resources */ = {isa = PBXBuildFile; fileRef = 530414DE23FECE2200E268C3 /* BackGroundDisplay.rtf */; };
		530414E123FED09800E268C3 /* ImageControl.swift in Sources */ = {isa = PBXBuildFile; fileRef = 530414E023FED09800E268C3 /* ImageControl.swift */; };
		530414E523FED22C00E268C3 /* backgroundControl.swift in Sources */ = {isa = PBXBuildFile; fileRef = 530414E423FED22C00E268C3 /* backgroundControl.swift */; };
		533CC20323ECC01A00871876 /* AppDelegate.swift in Sources */ = {isa = PBXBuildFile; fileRef = 533CC20223ECC01A00871876 /* AppDelegate.swift */; };
		533CC20523ECC01A00871876 /* SceneDelegate.swift in Sources */ = {isa = PBXBuildFile; fileRef = 533CC20423ECC01A00871876 /* SceneDelegate.swift */; };
		533CC20723ECC01A00871876 /* ViewController.swift in Sources */ = {isa = PBXBuildFile; fileRef = 533CC20623ECC01A00871876 /* ViewController.swift */; };
		533CC20A23ECC01A00871876 /* Main.storyboard in Resources */ = {isa = PBXBuildFile; fileRef = 533CC20823ECC01A00871876 /* Main.storyboard */; };
		533CC20D23ECC01A00871876 /* The_Color_Rap_Book.xcdatamodeld in Sources */ = {isa = PBXBuildFile; fileRef = 533CC20B23ECC01A00871876 /* The_Color_Rap_Book.xcdatamodeld */; };
		533CC20F23ECC01C00871876 /* Assets.xcassets in Resources */ = {isa = PBXBuildFile; fileRef = 533CC20E23ECC01C00871876 /* Assets.xcassets */; };
		533CC21223ECC01C00871876 /* LaunchScreen.storyboard in Resources */ = {isa = PBXBuildFile; fileRef = 533CC21023ECC01C00871876 /* LaunchScreen.storyboard */; };
		533CC21D23ECC01C00871876 /* The_Color_Rap_BookTests.swift in Sources */ = {isa = PBXBuildFile; fileRef = 533CC21C23ECC01C00871876 /* The_Color_Rap_BookTests.swift */; };
		533CC22823ECC01C00871876 /* The_Color_Rap_BookUITests.swift in Sources */ = {isa = PBXBuildFile; fileRef = 533CC22723ECC01C00871876 /* The_Color_Rap_BookUITests.swift */; };
		536BC2A02412B9DD000AB196 /* DeveloperController.swift in Sources */ = {isa = PBXBuildFile; fileRef = 536BC29F2412B9DD000AB196 /* DeveloperController.swift */; };
		536BC2A224158132000AB196 /* VegaScrollFlowLayout.swift in Sources */ = {isa = PBXBuildFile; fileRef = 536BC2A124158132000AB196 /* VegaScrollFlowLayout.swift */; };
		536D7B302448E1CD00B9B122 /* MenuController.swift in Sources */ = {isa = PBXBuildFile; fileRef = 536D7B2F2448E1CD00B9B122 /* MenuController.swift */; };
		537C6E2624527D39004954DA /* Line.swift in Sources */ = {isa = PBXBuildFile; fileRef = 537C6E2524527D39004954DA /* Line.swift */; };
		53855A2E2450CA5700EEF64C /* CanvasView.swift in Sources */ = {isa = PBXBuildFile; fileRef = 53855A2D2450CA5700EEF64C /* CanvasView.swift */; };
		5396251023FEE8B30044C468 /* AnimationController.swift in Sources */ = {isa = PBXBuildFile; fileRef = 5396250F23FEE8B30044C468 /* AnimationController.swift */; };
		539B083C2419A29E006A33D8 /* GestureHandling.swift in Sources */ = {isa = PBXBuildFile; fileRef = 539B083B2419A29E006A33D8 /* GestureHandling.swift */; };
		539B083E2419A4C8006A33D8 /* SwitchesAndOrientationControl.swift in Sources */ = {isa = PBXBuildFile; fileRef = 539B083D2419A4C8006A33D8 /* SwitchesAndOrientationControl.swift */; };
		539B08402419A619006A33D8 /* FileProcessing.swift in Sources */ = {isa = PBXBuildFile; fileRef = 539B083F2419A619006A33D8 /* FileProcessing.swift */; };
		53A09BE924182C0C00077EEB /* The_Color_Rap_Book.xcdatamodeld in Sources */ = {isa = PBXBuildFile; fileRef = 53A09BE724182C0C00077EEB /* The_Color_Rap_Book.xcdatamodeld */; };
		53A09BF024182D1500077EEB /* SavedData+CoreDataProperties.swift in Sources */ = {isa = PBXBuildFile; fileRef = 53A09BEF24182D1500077EEB /* SavedData+CoreDataProperties.swift */; };
		53A09BF124182D1500077EEB /* SavedData+CoreDataClass.swift in Sources */ = {isa = PBXBuildFile; fileRef = 53A09BEE24182D1500077EEB /* SavedData+CoreDataClass.swift */; };
		53AA0CB72410322100C2F036 /* OHCircleSegue.swift in Sources */ = {isa = PBXBuildFile; fileRef = 53AA0CB62410322100C2F036 /* OHCircleSegue.swift */; };
		53AA0CB92410A02400C2F036 /* TableOfContentController.swift in Sources */ = {isa = PBXBuildFile; fileRef = 53AA0CB82410A02400C2F036 /* TableOfContentController.swift */; };
		53AF63F12453521A00BABEC1 /* Page47DrawingTools.swift in Sources */ = {isa = PBXBuildFile; fileRef = 53AF63F02453521A00BABEC1 /* Page47DrawingTools.swift */; };
		53C7E30E23FB90E100866321 /* Data.rtf in Resources */ = {isa = PBXBuildFile; fileRef = 53C7E30D23FB90E100866321 /* Data.rtf */; };
		53CA27DE2454A855008A9731 /* Alert.storyboard in Resources */ = {isa = PBXBuildFile; fileRef = 53CA27DD2454A855008A9731 /* Alert.storyboard */; };
		53CA28BF2454BE03008A9731 /* ImagePicker.swift in Sources */ = {isa = PBXBuildFile; fileRef = 53CA28BE2454BE03008A9731 /* ImagePicker.swift */; };
		53DC3EA3248F41400084D89A /* Page5Scene.swift in Sources */ = {isa = PBXBuildFile; fileRef = 53DC3EA1248F41400084D89A /* Page5Scene.swift */; };
		53DC3EA4248F41400084D89A /* Page5Scene.sks in Resources */ = {isa = PBXBuildFile; fileRef = 53DC3EA2248F41400084D89A /* Page5Scene.sks */; };
		53DEF52423EF4057002AEB13 /* DetailPage.swift in Sources */ = {isa = PBXBuildFile; fileRef = 53DEF52323EF4057002AEB13 /* DetailPage.swift */; };
		53DEF52623EF4416002AEB13 /* ViewControllerSegue.swift in Sources */ = {isa = PBXBuildFile; fileRef = 53DEF52523EF4416002AEB13 /* ViewControllerSegue.swift */; };
		53DEF52823EF4436002AEB13 /* ViewControllerSegueUnwind.swift in Sources */ = {isa = PBXBuildFile; fileRef = 53DEF52723EF4436002AEB13 /* ViewControllerSegueUnwind.swift */; };
		53F4D94624A1607F0018D924 /* Morgan_bold-Regular.otf in Resources */ = {isa = PBXBuildFile; fileRef = 53F4D94524A1607F0018D924 /* Morgan_bold-Regular.otf */; };
		712E19FB2FDDFB23B7BE7E63 /* Pods_The_Color_Rap_BookTests.framework in Frameworks */ = {isa = PBXBuildFile; fileRef = 999DAB1CDC3F806E13D93E76 /* Pods_The_Color_Rap_BookTests.framework */; };
		A8E07EF0A3E330FDBE9296B8 /* Pods_The_Color_Rap_Book.framework in Frameworks */ = {isa = PBXBuildFile; fileRef = C9B70FBB5F1301A22E34B1CC /* Pods_The_Color_Rap_Book.framework */; };
/* End PBXBuildFile section */

/* Begin PBXContainerItemProxy section */
		533CC21923ECC01C00871876 /* PBXContainerItemProxy */ = {
			isa = PBXContainerItemProxy;
			containerPortal = 533CC1F723ECC01A00871876 /* Project object */;
			proxyType = 1;
			remoteGlobalIDString = 533CC1FE23ECC01A00871876;
			remoteInfo = "The Color Rap Book";
		};
		533CC22423ECC01C00871876 /* PBXContainerItemProxy */ = {
			isa = PBXContainerItemProxy;
			containerPortal = 533CC1F723ECC01A00871876 /* Project object */;
			proxyType = 1;
			remoteGlobalIDString = 533CC1FE23ECC01A00871876;
			remoteInfo = "The Color Rap Book";
		};
/* End PBXContainerItemProxy section */

/* Begin PBXFileReference section */
		07676FA4E971579E8076D6E4 /* Pods-The Color Rap Book.release.xcconfig */ = {isa = PBXFileReference; includeInIndex = 1; lastKnownFileType = text.xcconfig; name = "Pods-The Color Rap Book.release.xcconfig"; path = "Target Support Files/Pods-The Color Rap Book/Pods-The Color Rap Book.release.xcconfig"; sourceTree = "<group>"; };
		077D78C2C5750E3FCFAA9463 /* Pods-The Color Rap BookTests.release.xcconfig */ = {isa = PBXFileReference; includeInIndex = 1; lastKnownFileType = text.xcconfig; name = "Pods-The Color Rap BookTests.release.xcconfig"; path = "Target Support Files/Pods-The Color Rap BookTests/Pods-The Color Rap BookTests.release.xcconfig"; sourceTree = "<group>"; };
		2FFC629788FD618D36A9B11B /* Pods-The Color Rap Book-The Color Rap BookUITests.release.xcconfig */ = {isa = PBXFileReference; includeInIndex = 1; lastKnownFileType = text.xcconfig; name = "Pods-The Color Rap Book-The Color Rap BookUITests.release.xcconfig"; path = "Target Support Files/Pods-The Color Rap Book-The Color Rap BookUITests/Pods-The Color Rap Book-The Color Rap BookUITests.release.xcconfig"; sourceTree = "<group>"; };
		53038BEA24043E4100F36DB7 /* labelControl.swift */ = {isa = PBXFileReference; fileEncoding = 4; lastKnownFileType = sourcecode.swift; path = labelControl.swift; sourceTree = "<group>"; };
		530414DE23FECE2200E268C3 /* BackGroundDisplay.rtf */ = {isa = PBXFileReference; fileEncoding = 4; lastKnownFileType = text.rtf; path = BackGroundDisplay.rtf; sourceTree = "<group>"; };
		530414E023FED09800E268C3 /* ImageControl.swift */ = {isa = PBXFileReference; lastKnownFileType = sourcecode.swift; path = ImageControl.swift; sourceTree = "<group>"; };
		530414E423FED22C00E268C3 /* backgroundControl.swift */ = {isa = PBXFileReference; lastKnownFileType = sourcecode.swift; path = backgroundControl.swift; sourceTree = "<group>"; };
		533CC1FF23ECC01A00871876 /* Color Rap Book.app */ = {isa = PBXFileReference; explicitFileType = wrapper.application; includeInIndex = 0; path = "Color Rap Book.app"; sourceTree = BUILT_PRODUCTS_DIR; };
		533CC20223ECC01A00871876 /* AppDelegate.swift */ = {isa = PBXFileReference; lastKnownFileType = sourcecode.swift; path = AppDelegate.swift; sourceTree = "<group>"; };
		533CC20423ECC01A00871876 /* SceneDelegate.swift */ = {isa = PBXFileReference; lastKnownFileType = sourcecode.swift; path = SceneDelegate.swift; sourceTree = "<group>"; };
		533CC20623ECC01A00871876 /* ViewController.swift */ = {isa = PBXFileReference; lastKnownFileType = sourcecode.swift; path = ViewController.swift; sourceTree = "<group>"; };
		533CC20923ECC01A00871876 /* Base */ = {isa = PBXFileReference; lastKnownFileType = file.storyboard; name = Base; path = Base.lproj/Main.storyboard; sourceTree = "<group>"; };
		533CC20C23ECC01A00871876 /* The_Color_Rap_Book.xcdatamodel */ = {isa = PBXFileReference; lastKnownFileType = wrapper.xcdatamodel; path = The_Color_Rap_Book.xcdatamodel; sourceTree = "<group>"; };
		533CC20E23ECC01C00871876 /* Assets.xcassets */ = {isa = PBXFileReference; lastKnownFileType = folder.assetcatalog; path = Assets.xcassets; sourceTree = "<group>"; };
		533CC21123ECC01C00871876 /* Base */ = {isa = PBXFileReference; lastKnownFileType = file.storyboard; name = Base; path = Base.lproj/LaunchScreen.storyboard; sourceTree = "<group>"; };
		533CC21323ECC01C00871876 /* Info.plist */ = {isa = PBXFileReference; lastKnownFileType = text.plist.xml; path = Info.plist; sourceTree = "<group>"; };
		533CC21823ECC01C00871876 /* The Color Rap BookTests.xctest */ = {isa = PBXFileReference; explicitFileType = wrapper.cfbundle; includeInIndex = 0; path = "The Color Rap BookTests.xctest"; sourceTree = BUILT_PRODUCTS_DIR; };
		533CC21C23ECC01C00871876 /* The_Color_Rap_BookTests.swift */ = {isa = PBXFileReference; lastKnownFileType = sourcecode.swift; path = The_Color_Rap_BookTests.swift; sourceTree = "<group>"; };
		533CC21E23ECC01C00871876 /* Info.plist */ = {isa = PBXFileReference; lastKnownFileType = text.plist.xml; path = Info.plist; sourceTree = "<group>"; };
		533CC22323ECC01C00871876 /* The Color Rap BookUITests.xctest */ = {isa = PBXFileReference; explicitFileType = wrapper.cfbundle; includeInIndex = 0; path = "The Color Rap BookUITests.xctest"; sourceTree = BUILT_PRODUCTS_DIR; };
		533CC22723ECC01C00871876 /* The_Color_Rap_BookUITests.swift */ = {isa = PBXFileReference; lastKnownFileType = sourcecode.swift; path = The_Color_Rap_BookUITests.swift; sourceTree = "<group>"; };
		533CC22923ECC01C00871876 /* Info.plist */ = {isa = PBXFileReference; lastKnownFileType = text.plist.xml; path = Info.plist; sourceTree = "<group>"; };
		536BC29F2412B9DD000AB196 /* DeveloperController.swift */ = {isa = PBXFileReference; lastKnownFileType = sourcecode.swift; path = DeveloperController.swift; sourceTree = "<group>"; };
		536BC2A124158132000AB196 /* VegaScrollFlowLayout.swift */ = {isa = PBXFileReference; fileEncoding = 4; lastKnownFileType = sourcecode.swift; path = VegaScrollFlowLayout.swift; sourceTree = "<group>"; };
		536D7B2F2448E1CD00B9B122 /* MenuController.swift */ = {isa = PBXFileReference; lastKnownFileType = sourcecode.swift; path = MenuController.swift; sourceTree = "<group>"; };
		536D7B312448E61000B9B122 /* ViewControllerSegue.swift */ = {isa = PBXFileReference; fileEncoding = 4; lastKnownFileType = sourcecode.swift; name = ViewControllerSegue.swift; path = Segues/ViewControllerSegue.swift; sourceTree = "<group>"; };
		537C6E2524527D39004954DA /* Line.swift */ = {isa = PBXFileReference; lastKnownFileType = sourcecode.swift; path = Line.swift; sourceTree = "<group>"; };
		53855A2D2450CA5700EEF64C /* CanvasView.swift */ = {isa = PBXFileReference; lastKnownFileType = sourcecode.swift; path = CanvasView.swift; sourceTree = "<group>"; };
		5396250F23FEE8B30044C468 /* AnimationController.swift */ = {isa = PBXFileReference; lastKnownFileType = sourcecode.swift; path = AnimationController.swift; sourceTree = "<group>"; };
		539B083B2419A29E006A33D8 /* GestureHandling.swift */ = {isa = PBXFileReference; lastKnownFileType = sourcecode.swift; path = GestureHandling.swift; sourceTree = "<group>"; };
		539B083D2419A4C8006A33D8 /* SwitchesAndOrientationControl.swift */ = {isa = PBXFileReference; lastKnownFileType = sourcecode.swift; path = SwitchesAndOrientationControl.swift; sourceTree = "<group>"; };
		539B083F2419A619006A33D8 /* FileProcessing.swift */ = {isa = PBXFileReference; lastKnownFileType = sourcecode.swift; path = FileProcessing.swift; sourceTree = "<group>"; };
		53A09BE824182C0C00077EEB /* The_Color_Rap_Book.xcdatamodel */ = {isa = PBXFileReference; lastKnownFileType = wrapper.xcdatamodel; path = The_Color_Rap_Book.xcdatamodel; sourceTree = "<group>"; };
		53A09BEE24182D1500077EEB /* SavedData+CoreDataClass.swift */ = {isa = PBXFileReference; lastKnownFileType = sourcecode.swift; name = "SavedData+CoreDataClass.swift"; path = "/Users/liuyuxin/Downloads/TheColorRapBookBigFolder/The Color Rap Book/The Color Rap Book/OtherFiles/SavedData+CoreDataClass.swift"; sourceTree = "<absolute>"; };
		53A09BEF24182D1500077EEB /* SavedData+CoreDataProperties.swift */ = {isa = PBXFileReference; lastKnownFileType = sourcecode.swift; name = "SavedData+CoreDataProperties.swift"; path = "/Users/liuyuxin/Downloads/TheColorRapBookBigFolder/The Color Rap Book/The Color Rap Book/OtherFiles/SavedData+CoreDataProperties.swift"; sourceTree = "<absolute>"; };
		53AA0CB62410322100C2F036 /* OHCircleSegue.swift */ = {isa = PBXFileReference; fileEncoding = 4; lastKnownFileType = sourcecode.swift; path = OHCircleSegue.swift; sourceTree = "<group>"; };
		53AA0CB82410A02400C2F036 /* TableOfContentController.swift */ = {isa = PBXFileReference; lastKnownFileType = sourcecode.swift; path = TableOfContentController.swift; sourceTree = "<group>"; };
		53AF63F02453521A00BABEC1 /* Page47DrawingTools.swift */ = {isa = PBXFileReference; lastKnownFileType = sourcecode.swift; path = Page47DrawingTools.swift; sourceTree = "<group>"; };
		53C7E30D23FB90E100866321 /* Data.rtf */ = {isa = PBXFileReference; fileEncoding = 4; lastKnownFileType = text.rtf; path = Data.rtf; sourceTree = "<group>"; };
		53CA27DD2454A855008A9731 /* Alert.storyboard */ = {isa = PBXFileReference; lastKnownFileType = file.storyboard; path = Alert.storyboard; sourceTree = "<group>"; };
		53CA28BE2454BE03008A9731 /* ImagePicker.swift */ = {isa = PBXFileReference; fileEncoding = 4; lastKnownFileType = sourcecode.swift; path = ImagePicker.swift; sourceTree = "<group>"; };
		53DC3EA1248F41400084D89A /* Page5Scene.swift */ = {isa = PBXFileReference; fileEncoding = 4; lastKnownFileType = sourcecode.swift; path = Page5Scene.swift; sourceTree = "<group>"; };
		53DC3EA2248F41400084D89A /* Page5Scene.sks */ = {isa = PBXFileReference; lastKnownFileType = file.sks; path = Page5Scene.sks; sourceTree = "<group>"; };
		53DEF52323EF4057002AEB13 /* DetailPage.swift */ = {isa = PBXFileReference; lastKnownFileType = sourcecode.swift; path = DetailPage.swift; sourceTree = "<group>"; };
		53DEF52523EF4416002AEB13 /* ViewControllerSegue.swift */ = {isa = PBXFileReference; lastKnownFileType = sourcecode.swift; path = ViewControllerSegue.swift; sourceTree = "<group>"; };
		53DEF52723EF4436002AEB13 /* ViewControllerSegueUnwind.swift */ = {isa = PBXFileReference; lastKnownFileType = sourcecode.swift; path = ViewControllerSegueUnwind.swift; sourceTree = "<group>"; };
		53F4D94524A1607F0018D924 /* Morgan_bold-Regular.otf */ = {isa = PBXFileReference; lastKnownFileType = file; path = "Morgan_bold-Regular.otf"; sourceTree = "<group>"; };
		5DA0B9D326F5820F2429CAEB /* Pods-The Color Rap Book.debug.xcconfig */ = {isa = PBXFileReference; includeInIndex = 1; lastKnownFileType = text.xcconfig; name = "Pods-The Color Rap Book.debug.xcconfig"; path = "Target Support Files/Pods-The Color Rap Book/Pods-The Color Rap Book.debug.xcconfig"; sourceTree = "<group>"; };
		7BF0A9A4EE338E812D0DCA68 /* Pods-The Color Rap Book-The Color Rap BookUITests.debug.xcconfig */ = {isa = PBXFileReference; includeInIndex = 1; lastKnownFileType = text.xcconfig; name = "Pods-The Color Rap Book-The Color Rap BookUITests.debug.xcconfig"; path = "Target Support Files/Pods-The Color Rap Book-The Color Rap BookUITests/Pods-The Color Rap Book-The Color Rap BookUITests.debug.xcconfig"; sourceTree = "<group>"; };
		905654F0A4217DD7DE35972E /* Pods-The Color Rap BookTests.debug.xcconfig */ = {isa = PBXFileReference; includeInIndex = 1; lastKnownFileType = text.xcconfig; name = "Pods-The Color Rap BookTests.debug.xcconfig"; path = "Target Support Files/Pods-The Color Rap BookTests/Pods-The Color Rap BookTests.debug.xcconfig"; sourceTree = "<group>"; };
		999DAB1CDC3F806E13D93E76 /* Pods_The_Color_Rap_BookTests.framework */ = {isa = PBXFileReference; explicitFileType = wrapper.framework; includeInIndex = 0; path = Pods_The_Color_Rap_BookTests.framework; sourceTree = BUILT_PRODUCTS_DIR; };
		B6681F04C753960FDC9EC0B0 /* Pods_The_Color_Rap_Book_The_Color_Rap_BookUITests.framework */ = {isa = PBXFileReference; explicitFileType = wrapper.framework; includeInIndex = 0; path = Pods_The_Color_Rap_Book_The_Color_Rap_BookUITests.framework; sourceTree = BUILT_PRODUCTS_DIR; };
		C9B70FBB5F1301A22E34B1CC /* Pods_The_Color_Rap_Book.framework */ = {isa = PBXFileReference; explicitFileType = wrapper.framework; includeInIndex = 0; path = Pods_The_Color_Rap_Book.framework; sourceTree = BUILT_PRODUCTS_DIR; };
/* End PBXFileReference section */

/* Begin PBXFrameworksBuildPhase section */
		533CC1FC23ECC01A00871876 /* Frameworks */ = {
			isa = PBXFrameworksBuildPhase;
			buildActionMask = 2147483647;
			files = (
				A8E07EF0A3E330FDBE9296B8 /* Pods_The_Color_Rap_Book.framework in Frameworks */,
			);
			runOnlyForDeploymentPostprocessing = 0;
		};
		533CC21523ECC01C00871876 /* Frameworks */ = {
			isa = PBXFrameworksBuildPhase;
			buildActionMask = 2147483647;
			files = (
				712E19FB2FDDFB23B7BE7E63 /* Pods_The_Color_Rap_BookTests.framework in Frameworks */,
			);
			runOnlyForDeploymentPostprocessing = 0;
		};
		533CC22023ECC01C00871876 /* Frameworks */ = {
			isa = PBXFrameworksBuildPhase;
			buildActionMask = 2147483647;
			files = (
				04079E6B8BA15B1D512E9343 /* Pods_The_Color_Rap_Book_The_Color_Rap_BookUITests.framework in Frameworks */,
			);
			runOnlyForDeploymentPostprocessing = 0;
		};
/* End PBXFrameworksBuildPhase section */

/* Begin PBXGroup section */
		06FF92BA023ADE15029C927F /* Pods */ = {
			isa = PBXGroup;
			children = (
				5DA0B9D326F5820F2429CAEB /* Pods-The Color Rap Book.debug.xcconfig */,
				07676FA4E971579E8076D6E4 /* Pods-The Color Rap Book.release.xcconfig */,
				7BF0A9A4EE338E812D0DCA68 /* Pods-The Color Rap Book-The Color Rap BookUITests.debug.xcconfig */,
				2FFC629788FD618D36A9B11B /* Pods-The Color Rap Book-The Color Rap BookUITests.release.xcconfig */,
				905654F0A4217DD7DE35972E /* Pods-The Color Rap BookTests.debug.xcconfig */,
				077D78C2C5750E3FCFAA9463 /* Pods-The Color Rap BookTests.release.xcconfig */,
			);
			path = Pods;
			sourceTree = "<group>";
		};
		533CC1F623ECC01A00871876 = {
			isa = PBXGroup;
			children = (
				533CC20123ECC01A00871876 /* The Color Rap Book */,
				533CC21B23ECC01C00871876 /* The Color Rap BookTests */,
				533CC22623ECC01C00871876 /* The Color Rap BookUITests */,
				533CC20023ECC01A00871876 /* Products */,
				06FF92BA023ADE15029C927F /* Pods */,
				533CF98423F8E9E60015FDCC /* Recovered References */,
				ADD2F53FEDFF2831618ED710 /* Frameworks */,
			);
			sourceTree = "<group>";
		};
		533CC20023ECC01A00871876 /* Products */ = {
			isa = PBXGroup;
			children = (
				533CC1FF23ECC01A00871876 /* Color Rap Book.app */,
				533CC21823ECC01C00871876 /* The Color Rap BookTests.xctest */,
				533CC22323ECC01C00871876 /* The Color Rap BookUITests.xctest */,
			);
			name = Products;
			sourceTree = "<group>";
		};
		533CC20123ECC01A00871876 /* The Color Rap Book */ = {
			isa = PBXGroup;
			children = (
				537C6E2424527CFF004954DA /* Models */,
				53A09BE724182C0C00077EEB /* The_Color_Rap_Book.xcdatamodeld */,
				533CF96523F89BDC0015FDCC /* OtherFiles */,
				533CF96423F89BB30015FDCC /* Delegates */,
				533CF96323F89B910015FDCC /* Storyboard */,
				533CF96223F89B740015FDCC /* MainControllers */,
				533CF96123F89B630015FDCC /* Segues */,
				536D7B312448E61000B9B122 /* ViewControllerSegue.swift */,
				533CC20E23ECC01C00871876 /* Assets.xcassets */,
				533CC20B23ECC01A00871876 /* The_Color_Rap_Book.xcdatamodeld */,
				533CC21323ECC01C00871876 /* Info.plist */,
			);
			path = "The Color Rap Book";
			sourceTree = "<group>";
		};
		533CC21B23ECC01C00871876 /* The Color Rap BookTests */ = {
			isa = PBXGroup;
			children = (
				533CC21C23ECC01C00871876 /* The_Color_Rap_BookTests.swift */,
				533CC21E23ECC01C00871876 /* Info.plist */,
			);
			path = "The Color Rap BookTests";
			sourceTree = "<group>";
		};
		533CC22623ECC01C00871876 /* The Color Rap BookUITests */ = {
			isa = PBXGroup;
			children = (
				533CC22723ECC01C00871876 /* The_Color_Rap_BookUITests.swift */,
				533CC22923ECC01C00871876 /* Info.plist */,
			);
			path = "The Color Rap BookUITests";
			sourceTree = "<group>";
		};
		533CF96123F89B630015FDCC /* Segues */ = {
			isa = PBXGroup;
			children = (
				53AA0CB62410322100C2F036 /* OHCircleSegue.swift */,
				53DEF52523EF4416002AEB13 /* ViewControllerSegue.swift */,
				53DEF52723EF4436002AEB13 /* ViewControllerSegueUnwind.swift */,
			);
			path = Segues;
			sourceTree = "<group>";
		};
		533CF96223F89B740015FDCC /* MainControllers */ = {
			isa = PBXGroup;
			children = (
				53DC3EA2248F41400084D89A /* Page5Scene.sks */,
				53DC3EA1248F41400084D89A /* Page5Scene.swift */,
				533CC20623ECC01A00871876 /* ViewController.swift */,
				53AA0CB82410A02400C2F036 /* TableOfContentController.swift */,
				53DEF52323EF4057002AEB13 /* DetailPage.swift */,
				530414E423FED22C00E268C3 /* backgroundControl.swift */,
				539B083B2419A29E006A33D8 /* GestureHandling.swift */,
				530414E023FED09800E268C3 /* ImageControl.swift */,
				53038BEA24043E4100F36DB7 /* labelControl.swift */,
				539B083F2419A619006A33D8 /* FileProcessing.swift */,
				539B083D2419A4C8006A33D8 /* SwitchesAndOrientationControl.swift */,
				536BC29F2412B9DD000AB196 /* DeveloperController.swift */,
				536D7B2F2448E1CD00B9B122 /* MenuController.swift */,
				53855A2D2450CA5700EEF64C /* CanvasView.swift */,
				53AF63F02453521A00BABEC1 /* Page47DrawingTools.swift */,
				53CA28BE2454BE03008A9731 /* ImagePicker.swift */,
			);
			path = MainControllers;
			sourceTree = "<group>";
		};
		533CF96323F89B910015FDCC /* Storyboard */ = {
			isa = PBXGroup;
			children = (
				533CC20823ECC01A00871876 /* Main.storyboard */,
				533CC21023ECC01C00871876 /* LaunchScreen.storyboard */,
				53CA27DD2454A855008A9731 /* Alert.storyboard */,
			);
			path = Storyboard;
			sourceTree = "<group>";
		};
		533CF96423F89BB30015FDCC /* Delegates */ = {
			isa = PBXGroup;
			children = (
				533CC20223ECC01A00871876 /* AppDelegate.swift */,
				533CC20423ECC01A00871876 /* SceneDelegate.swift */,
				5396250F23FEE8B30044C468 /* AnimationController.swift */,
			);
			path = Delegates;
			sourceTree = "<group>";
		};
		533CF96523F89BDC0015FDCC /* OtherFiles */ = {
			isa = PBXGroup;
			children = (
				53F4D94524A1607F0018D924 /* Morgan_bold-Regular.otf */,
				53A09BEE24182D1500077EEB /* SavedData+CoreDataClass.swift */,
				53A09BEF24182D1500077EEB /* SavedData+CoreDataProperties.swift */,
				536BC2A124158132000AB196 /* VegaScrollFlowLayout.swift */,
				530414DE23FECE2200E268C3 /* BackGroundDisplay.rtf */,
				53C7E30D23FB90E100866321 /* Data.rtf */,
			);
			path = OtherFiles;
			sourceTree = "<group>";
		};
		533CF98423F8E9E60015FDCC /* Recovered References */ = {
			isa = PBXGroup;
			children = (
			);
			name = "Recovered References";
			sourceTree = "<group>";
		};
		537C6E2424527CFF004954DA /* Models */ = {
			isa = PBXGroup;
			children = (
				537C6E2524527D39004954DA /* Line.swift */,
			);
			path = Models;
			sourceTree = "<group>";
		};
		ADD2F53FEDFF2831618ED710 /* Frameworks */ = {
			isa = PBXGroup;
			children = (
				C9B70FBB5F1301A22E34B1CC /* Pods_The_Color_Rap_Book.framework */,
				B6681F04C753960FDC9EC0B0 /* Pods_The_Color_Rap_Book_The_Color_Rap_BookUITests.framework */,
				999DAB1CDC3F806E13D93E76 /* Pods_The_Color_Rap_BookTests.framework */,
			);
			name = Frameworks;
			sourceTree = "<group>";
		};
/* End PBXGroup section */

/* Begin PBXNativeTarget section */
		533CC1FE23ECC01A00871876 /* The Color Rap Book */ = {
			isa = PBXNativeTarget;
			buildConfigurationList = 533CC22C23ECC01C00871876 /* Build configuration list for PBXNativeTarget "The Color Rap Book" */;
			buildPhases = (
				503236633949ECB9343EC24C /* [CP] Check Pods Manifest.lock */,
				533CC1FB23ECC01A00871876 /* Sources */,
				533CC1FC23ECC01A00871876 /* Frameworks */,
				533CC1FD23ECC01A00871876 /* Resources */,
				14B3238E913E955C7B7C430B /* [CP] Embed Pods Frameworks */,
			);
			buildRules = (
			);
			dependencies = (
			);
			name = "The Color Rap Book";
			productName = "The Color Rap Book";
			productReference = 533CC1FF23ECC01A00871876 /* Color Rap Book.app */;
			productType = "com.apple.product-type.application";
		};
		533CC21723ECC01C00871876 /* The Color Rap BookTests */ = {
			isa = PBXNativeTarget;
			buildConfigurationList = 533CC22F23ECC01C00871876 /* Build configuration list for PBXNativeTarget "The Color Rap BookTests" */;
			buildPhases = (
				6399EECB3CE2B75C5C734920 /* [CP] Check Pods Manifest.lock */,
				533CC21423ECC01C00871876 /* Sources */,
				533CC21523ECC01C00871876 /* Frameworks */,
				533CC21623ECC01C00871876 /* Resources */,
			);
			buildRules = (
			);
			dependencies = (
				533CC21A23ECC01C00871876 /* PBXTargetDependency */,
			);
			name = "The Color Rap BookTests";
			productName = "The Color Rap BookTests";
			productReference = 533CC21823ECC01C00871876 /* The Color Rap BookTests.xctest */;
			productType = "com.apple.product-type.bundle.unit-test";
		};
		533CC22223ECC01C00871876 /* The Color Rap BookUITests */ = {
			isa = PBXNativeTarget;
			buildConfigurationList = 533CC23223ECC01C00871876 /* Build configuration list for PBXNativeTarget "The Color Rap BookUITests" */;
			buildPhases = (
				5F95E49AD33AEB96F2A518CB /* [CP] Check Pods Manifest.lock */,
				533CC21F23ECC01C00871876 /* Sources */,
				533CC22023ECC01C00871876 /* Frameworks */,
				533CC22123ECC01C00871876 /* Resources */,
				BE9728B8CAF23E8136DC2247 /* [CP] Embed Pods Frameworks */,
			);
			buildRules = (
			);
			dependencies = (
				533CC22523ECC01C00871876 /* PBXTargetDependency */,
			);
			name = "The Color Rap BookUITests";
			productName = "The Color Rap BookUITests";
			productReference = 533CC22323ECC01C00871876 /* The Color Rap BookUITests.xctest */;
			productType = "com.apple.product-type.bundle.ui-testing";
		};
/* End PBXNativeTarget section */

/* Begin PBXProject section */
		533CC1F723ECC01A00871876 /* Project object */ = {
			isa = PBXProject;
			attributes = {
				LastSwiftUpdateCheck = 1130;
				LastUpgradeCheck = 1140;
				ORGANIZATIONNAME = 7744;
				TargetAttributes = {
					533CC1FE23ECC01A00871876 = {
						CreatedOnToolsVersion = 11.3.1;
					};
					533CC21723ECC01C00871876 = {
						CreatedOnToolsVersion = 11.3.1;
						TestTargetID = 533CC1FE23ECC01A00871876;
					};
					533CC22223ECC01C00871876 = {
						CreatedOnToolsVersion = 11.3.1;
						TestTargetID = 533CC1FE23ECC01A00871876;
					};
				};
			};
			buildConfigurationList = 533CC1FA23ECC01A00871876 /* Build configuration list for PBXProject "The Color Rap Book" */;
			compatibilityVersion = "Xcode 9.3";
			developmentRegion = en;
			hasScannedForEncodings = 0;
			knownRegions = (
				en,
				Base,
			);
			mainGroup = 533CC1F623ECC01A00871876;
			productRefGroup = 533CC20023ECC01A00871876 /* Products */;
			projectDirPath = "";
			projectRoot = "";
			targets = (
				533CC1FE23ECC01A00871876 /* The Color Rap Book */,
				533CC21723ECC01C00871876 /* The Color Rap BookTests */,
				533CC22223ECC01C00871876 /* The Color Rap BookUITests */,
			);
		};
/* End PBXProject section */

/* Begin PBXResourcesBuildPhase section */
		533CC1FD23ECC01A00871876 /* Resources */ = {
			isa = PBXResourcesBuildPhase;
			buildActionMask = 2147483647;
			files = (
				53C7E30E23FB90E100866321 /* Data.rtf in Resources */,
				53F4D94624A1607F0018D924 /* Morgan_bold-Regular.otf in Resources */,
				533CC21223ECC01C00871876 /* LaunchScreen.storyboard in Resources */,
				533CC20F23ECC01C00871876 /* Assets.xcassets in Resources */,
				533CC20A23ECC01A00871876 /* Main.storyboard in Resources */,
				53DC3EA4248F41400084D89A /* Page5Scene.sks in Resources */,
				53CA27DE2454A855008A9731 /* Alert.storyboard in Resources */,
				530414DF23FECE2200E268C3 /* BackGroundDisplay.rtf in Resources */,
			);
			runOnlyForDeploymentPostprocessing = 0;
		};
		533CC21623ECC01C00871876 /* Resources */ = {
			isa = PBXResourcesBuildPhase;
			buildActionMask = 2147483647;
			files = (
			);
			runOnlyForDeploymentPostprocessing = 0;
		};
		533CC22123ECC01C00871876 /* Resources */ = {
			isa = PBXResourcesBuildPhase;
			buildActionMask = 2147483647;
			files = (
			);
			runOnlyForDeploymentPostprocessing = 0;
		};
/* End PBXResourcesBuildPhase section */

/* Begin PBXShellScriptBuildPhase section */
		14B3238E913E955C7B7C430B /* [CP] Embed Pods Frameworks */ = {
			isa = PBXShellScriptBuildPhase;
			buildActionMask = 2147483647;
			files = (
			);
			inputFileListPaths = (
				"${PODS_ROOT}/Target Support Files/Pods-The Color Rap Book/Pods-The Color Rap Book-frameworks-${CONFIGURATION}-input-files.xcfilelist",
			);
			name = "[CP] Embed Pods Frameworks";
			outputFileListPaths = (
				"${PODS_ROOT}/Target Support Files/Pods-The Color Rap Book/Pods-The Color Rap Book-frameworks-${CONFIGURATION}-output-files.xcfilelist",
			);
			runOnlyForDeploymentPostprocessing = 0;
			shellPath = /bin/sh;
			shellScript = "\"${PODS_ROOT}/Target Support Files/Pods-The Color Rap Book/Pods-The Color Rap Book-frameworks.sh\"\n";
			showEnvVarsInLog = 0;
		};
		503236633949ECB9343EC24C /* [CP] Check Pods Manifest.lock */ = {
			isa = PBXShellScriptBuildPhase;
			buildActionMask = 2147483647;
			files = (
			);
			inputFileListPaths = (
			);
			inputPaths = (
				"${PODS_PODFILE_DIR_PATH}/Podfile.lock",
				"${PODS_ROOT}/Manifest.lock",
			);
			name = "[CP] Check Pods Manifest.lock";
			outputFileListPaths = (
			);
			outputPaths = (
				"$(DERIVED_FILE_DIR)/Pods-The Color Rap Book-checkManifestLockResult.txt",
			);
			runOnlyForDeploymentPostprocessing = 0;
			shellPath = /bin/sh;
			shellScript = "diff \"${PODS_PODFILE_DIR_PATH}/Podfile.lock\" \"${PODS_ROOT}/Manifest.lock\" > /dev/null\nif [ $? != 0 ] ; then\n    # print error to STDERR\n    echo \"error: The sandbox is not in sync with the Podfile.lock. Run 'pod install' or update your CocoaPods installation.\" >&2\n    exit 1\nfi\n# This output is used by Xcode 'outputs' to avoid re-running this script phase.\necho \"SUCCESS\" > \"${SCRIPT_OUTPUT_FILE_0}\"\n";
			showEnvVarsInLog = 0;
		};
		5F95E49AD33AEB96F2A518CB /* [CP] Check Pods Manifest.lock */ = {
			isa = PBXShellScriptBuildPhase;
			buildActionMask = 2147483647;
			files = (
			);
			inputFileListPaths = (
			);
			inputPaths = (
				"${PODS_PODFILE_DIR_PATH}/Podfile.lock",
				"${PODS_ROOT}/Manifest.lock",
			);
			name = "[CP] Check Pods Manifest.lock";
			outputFileListPaths = (
			);
			outputPaths = (
				"$(DERIVED_FILE_DIR)/Pods-The Color Rap Book-The Color Rap BookUITests-checkManifestLockResult.txt",
			);
			runOnlyForDeploymentPostprocessing = 0;
			shellPath = /bin/sh;
			shellScript = "diff \"${PODS_PODFILE_DIR_PATH}/Podfile.lock\" \"${PODS_ROOT}/Manifest.lock\" > /dev/null\nif [ $? != 0 ] ; then\n    # print error to STDERR\n    echo \"error: The sandbox is not in sync with the Podfile.lock. Run 'pod install' or update your CocoaPods installation.\" >&2\n    exit 1\nfi\n# This output is used by Xcode 'outputs' to avoid re-running this script phase.\necho \"SUCCESS\" > \"${SCRIPT_OUTPUT_FILE_0}\"\n";
			showEnvVarsInLog = 0;
		};
		6399EECB3CE2B75C5C734920 /* [CP] Check Pods Manifest.lock */ = {
			isa = PBXShellScriptBuildPhase;
			buildActionMask = 2147483647;
			files = (
			);
			inputFileListPaths = (
			);
			inputPaths = (
				"${PODS_PODFILE_DIR_PATH}/Podfile.lock",
				"${PODS_ROOT}/Manifest.lock",
			);
			name = "[CP] Check Pods Manifest.lock";
			outputFileListPaths = (
			);
			outputPaths = (
				"$(DERIVED_FILE_DIR)/Pods-The Color Rap BookTests-checkManifestLockResult.txt",
			);
			runOnlyForDeploymentPostprocessing = 0;
			shellPath = /bin/sh;
			shellScript = "diff \"${PODS_PODFILE_DIR_PATH}/Podfile.lock\" \"${PODS_ROOT}/Manifest.lock\" > /dev/null\nif [ $? != 0 ] ; then\n    # print error to STDERR\n    echo \"error: The sandbox is not in sync with the Podfile.lock. Run 'pod install' or update your CocoaPods installation.\" >&2\n    exit 1\nfi\n# This output is used by Xcode 'outputs' to avoid re-running this script phase.\necho \"SUCCESS\" > \"${SCRIPT_OUTPUT_FILE_0}\"\n";
			showEnvVarsInLog = 0;
		};
		BE9728B8CAF23E8136DC2247 /* [CP] Embed Pods Frameworks */ = {
			isa = PBXShellScriptBuildPhase;
			buildActionMask = 2147483647;
			files = (
			);
			inputFileListPaths = (
				"${PODS_ROOT}/Target Support Files/Pods-The Color Rap Book-The Color Rap BookUITests/Pods-The Color Rap Book-The Color Rap BookUITests-frameworks-${CONFIGURATION}-input-files.xcfilelist",
			);
			name = "[CP] Embed Pods Frameworks";
			outputFileListPaths = (
				"${PODS_ROOT}/Target Support Files/Pods-The Color Rap Book-The Color Rap BookUITests/Pods-The Color Rap Book-The Color Rap BookUITests-frameworks-${CONFIGURATION}-output-files.xcfilelist",
			);
			runOnlyForDeploymentPostprocessing = 0;
			shellPath = /bin/sh;
			shellScript = "\"${PODS_ROOT}/Target Support Files/Pods-The Color Rap Book-The Color Rap BookUITests/Pods-The Color Rap Book-The Color Rap BookUITests-frameworks.sh\"\n";
			showEnvVarsInLog = 0;
		};
/* End PBXShellScriptBuildPhase section */

/* Begin PBXSourcesBuildPhase section */
		533CC1FB23ECC01A00871876 /* Sources */ = {
			isa = PBXSourcesBuildPhase;
			buildActionMask = 2147483647;
			files = (
				539B08402419A619006A33D8 /* FileProcessing.swift in Sources */,
				53DEF52623EF4416002AEB13 /* ViewControllerSegue.swift in Sources */,
				53855A2E2450CA5700EEF64C /* CanvasView.swift in Sources */,
				53A09BF024182D1500077EEB /* SavedData+CoreDataProperties.swift in Sources */,
				536BC2A224158132000AB196 /* VegaScrollFlowLayout.swift in Sources */,
				539B083C2419A29E006A33D8 /* GestureHandling.swift in Sources */,
				530414E123FED09800E268C3 /* ImageControl.swift in Sources */,
				533CC20723ECC01A00871876 /* ViewController.swift in Sources */,
				53A09BE924182C0C00077EEB /* The_Color_Rap_Book.xcdatamodeld in Sources */,
				533CC20323ECC01A00871876 /* AppDelegate.swift in Sources */,
				53AA0CB72410322100C2F036 /* OHCircleSegue.swift in Sources */,
				53AA0CB92410A02400C2F036 /* TableOfContentController.swift in Sources */,
				533CC20D23ECC01A00871876 /* The_Color_Rap_Book.xcdatamodeld in Sources */,
				53CA28BF2454BE03008A9731 /* ImagePicker.swift in Sources */,
				53038BEB24043E4100F36DB7 /* labelControl.swift in Sources */,
				53AF63F12453521A00BABEC1 /* Page47DrawingTools.swift in Sources */,
				53DC3EA3248F41400084D89A /* Page5Scene.swift in Sources */,
				53DEF52823EF4436002AEB13 /* ViewControllerSegueUnwind.swift in Sources */,
				53DEF52423EF4057002AEB13 /* DetailPage.swift in Sources */,
				533CC20523ECC01A00871876 /* SceneDelegate.swift in Sources */,
				536D7B302448E1CD00B9B122 /* MenuController.swift in Sources */,
				530414E523FED22C00E268C3 /* backgroundControl.swift in Sources */,
				53A09BF124182D1500077EEB /* SavedData+CoreDataClass.swift in Sources */,
				536BC2A02412B9DD000AB196 /* DeveloperController.swift in Sources */,
				537C6E2624527D39004954DA /* Line.swift in Sources */,
				5396251023FEE8B30044C468 /* AnimationController.swift in Sources */,
				539B083E2419A4C8006A33D8 /* SwitchesAndOrientationControl.swift in Sources */,
			);
			runOnlyForDeploymentPostprocessing = 0;
		};
		533CC21423ECC01C00871876 /* Sources */ = {
			isa = PBXSourcesBuildPhase;
			buildActionMask = 2147483647;
			files = (
				533CC21D23ECC01C00871876 /* The_Color_Rap_BookTests.swift in Sources */,
			);
			runOnlyForDeploymentPostprocessing = 0;
		};
		533CC21F23ECC01C00871876 /* Sources */ = {
			isa = PBXSourcesBuildPhase;
			buildActionMask = 2147483647;
			files = (
				533CC22823ECC01C00871876 /* The_Color_Rap_BookUITests.swift in Sources */,
			);
			runOnlyForDeploymentPostprocessing = 0;
		};
/* End PBXSourcesBuildPhase section */

/* Begin PBXTargetDependency section */
		533CC21A23ECC01C00871876 /* PBXTargetDependency */ = {
			isa = PBXTargetDependency;
			target = 533CC1FE23ECC01A00871876 /* The Color Rap Book */;
			targetProxy = 533CC21923ECC01C00871876 /* PBXContainerItemProxy */;
		};
		533CC22523ECC01C00871876 /* PBXTargetDependency */ = {
			isa = PBXTargetDependency;
			target = 533CC1FE23ECC01A00871876 /* The Color Rap Book */;
			targetProxy = 533CC22423ECC01C00871876 /* PBXContainerItemProxy */;
		};
/* End PBXTargetDependency section */

/* Begin PBXVariantGroup section */
		533CC20823ECC01A00871876 /* Main.storyboard */ = {
			isa = PBXVariantGroup;
			children = (
				533CC20923ECC01A00871876 /* Base */,
			);
			name = Main.storyboard;
			sourceTree = "<group>";
		};
		533CC21023ECC01C00871876 /* LaunchScreen.storyboard */ = {
			isa = PBXVariantGroup;
			children = (
				533CC21123ECC01C00871876 /* Base */,
			);
			name = LaunchScreen.storyboard;
			sourceTree = "<group>";
		};
/* End PBXVariantGroup section */

/* Begin XCBuildConfiguration section */
		533CC22A23ECC01C00871876 /* Debug */ = {
			isa = XCBuildConfiguration;
			buildSettings = {
				ALWAYS_SEARCH_USER_PATHS = NO;
				CLANG_ANALYZER_NONNULL = YES;
				CLANG_ANALYZER_NUMBER_OBJECT_CONVERSION = YES_AGGRESSIVE;
				CLANG_CXX_LANGUAGE_STANDARD = "gnu++14";
				CLANG_CXX_LIBRARY = "libc++";
				CLANG_ENABLE_MODULES = YES;
				CLANG_ENABLE_OBJC_ARC = YES;
				CLANG_ENABLE_OBJC_WEAK = YES;
				CLANG_WARN_BLOCK_CAPTURE_AUTORELEASING = YES;
				CLANG_WARN_BOOL_CONVERSION = YES;
				CLANG_WARN_COMMA = YES;
				CLANG_WARN_CONSTANT_CONVERSION = YES;
				CLANG_WARN_DEPRECATED_OBJC_IMPLEMENTATIONS = YES;
				CLANG_WARN_DIRECT_OBJC_ISA_USAGE = YES_ERROR;
				CLANG_WARN_DOCUMENTATION_COMMENTS = YES;
				CLANG_WARN_EMPTY_BODY = YES;
				CLANG_WARN_ENUM_CONVERSION = YES;
				CLANG_WARN_INFINITE_RECURSION = YES;
				CLANG_WARN_INT_CONVERSION = YES;
				CLANG_WARN_NON_LITERAL_NULL_CONVERSION = YES;
				CLANG_WARN_OBJC_IMPLICIT_RETAIN_SELF = YES;
				CLANG_WARN_OBJC_LITERAL_CONVERSION = YES;
				CLANG_WARN_OBJC_ROOT_CLASS = YES_ERROR;
				CLANG_WARN_RANGE_LOOP_ANALYSIS = YES;
				CLANG_WARN_STRICT_PROTOTYPES = YES;
				CLANG_WARN_SUSPICIOUS_MOVE = YES;
				CLANG_WARN_UNGUARDED_AVAILABILITY = YES_AGGRESSIVE;
				CLANG_WARN_UNREACHABLE_CODE = YES;
				CLANG_WARN__DUPLICATE_METHOD_MATCH = YES;
				COPY_PHASE_STRIP = NO;
				DEBUG_INFORMATION_FORMAT = dwarf;
				ENABLE_STRICT_OBJC_MSGSEND = YES;
				ENABLE_TESTABILITY = YES;
				GCC_C_LANGUAGE_STANDARD = gnu11;
				GCC_DYNAMIC_NO_PIC = NO;
				GCC_NO_COMMON_BLOCKS = YES;
				GCC_OPTIMIZATION_LEVEL = 0;
				GCC_PREPROCESSOR_DEFINITIONS = (
					"DEBUG=1",
					"$(inherited)",
				);
				GCC_WARN_64_TO_32_BIT_CONVERSION = YES;
				GCC_WARN_ABOUT_RETURN_TYPE = YES_ERROR;
				GCC_WARN_UNDECLARED_SELECTOR = YES;
				GCC_WARN_UNINITIALIZED_AUTOS = YES_AGGRESSIVE;
				GCC_WARN_UNUSED_FUNCTION = YES;
				GCC_WARN_UNUSED_VARIABLE = YES;
				IPHONEOS_DEPLOYMENT_TARGET = 12.1;
				MTL_ENABLE_DEBUG_INFO = INCLUDE_SOURCE;
				MTL_FAST_MATH = YES;
				ONLY_ACTIVE_ARCH = YES;
				SDKROOT = iphoneos;
				SWIFT_ACTIVE_COMPILATION_CONDITIONS = DEBUG;
				SWIFT_OPTIMIZATION_LEVEL = "-Onone";
			};
			name = Debug;
		};
		533CC22B23ECC01C00871876 /* Release */ = {
			isa = XCBuildConfiguration;
			buildSettings = {
				ALWAYS_SEARCH_USER_PATHS = NO;
				CLANG_ANALYZER_NONNULL = YES;
				CLANG_ANALYZER_NUMBER_OBJECT_CONVERSION = YES_AGGRESSIVE;
				CLANG_CXX_LANGUAGE_STANDARD = "gnu++14";
				CLANG_CXX_LIBRARY = "libc++";
				CLANG_ENABLE_MODULES = YES;
				CLANG_ENABLE_OBJC_ARC = YES;
				CLANG_ENABLE_OBJC_WEAK = YES;
				CLANG_WARN_BLOCK_CAPTURE_AUTORELEASING = YES;
				CLANG_WARN_BOOL_CONVERSION = YES;
				CLANG_WARN_COMMA = YES;
				CLANG_WARN_CONSTANT_CONVERSION = YES;
				CLANG_WARN_DEPRECATED_OBJC_IMPLEMENTATIONS = YES;
				CLANG_WARN_DIRECT_OBJC_ISA_USAGE = YES_ERROR;
				CLANG_WARN_DOCUMENTATION_COMMENTS = YES;
				CLANG_WARN_EMPTY_BODY = YES;
				CLANG_WARN_ENUM_CONVERSION = YES;
				CLANG_WARN_INFINITE_RECURSION = YES;
				CLANG_WARN_INT_CONVERSION = YES;
				CLANG_WARN_NON_LITERAL_NULL_CONVERSION = YES;
				CLANG_WARN_OBJC_IMPLICIT_RETAIN_SELF = YES;
				CLANG_WARN_OBJC_LITERAL_CONVERSION = YES;
				CLANG_WARN_OBJC_ROOT_CLASS = YES_ERROR;
				CLANG_WARN_RANGE_LOOP_ANALYSIS = YES;
				CLANG_WARN_STRICT_PROTOTYPES = YES;
				CLANG_WARN_SUSPICIOUS_MOVE = YES;
				CLANG_WARN_UNGUARDED_AVAILABILITY = YES_AGGRESSIVE;
				CLANG_WARN_UNREACHABLE_CODE = YES;
				CLANG_WARN__DUPLICATE_METHOD_MATCH = YES;
				COPY_PHASE_STRIP = NO;
				DEBUG_INFORMATION_FORMAT = "dwarf-with-dsym";
				ENABLE_NS_ASSERTIONS = NO;
				ENABLE_STRICT_OBJC_MSGSEND = YES;
				GCC_C_LANGUAGE_STANDARD = gnu11;
				GCC_NO_COMMON_BLOCKS = YES;
				GCC_WARN_64_TO_32_BIT_CONVERSION = YES;
				GCC_WARN_ABOUT_RETURN_TYPE = YES_ERROR;
				GCC_WARN_UNDECLARED_SELECTOR = YES;
				GCC_WARN_UNINITIALIZED_AUTOS = YES_AGGRESSIVE;
				GCC_WARN_UNUSED_FUNCTION = YES;
				GCC_WARN_UNUSED_VARIABLE = YES;
				IPHONEOS_DEPLOYMENT_TARGET = 12.1;
				MTL_ENABLE_DEBUG_INFO = NO;
				MTL_FAST_MATH = YES;
				SDKROOT = iphoneos;
				SWIFT_COMPILATION_MODE = wholemodule;
				SWIFT_OPTIMIZATION_LEVEL = "-O";
				VALIDATE_PRODUCT = YES;
			};
			name = Release;
		};
		533CC22D23ECC01C00871876 /* Debug */ = {
			isa = XCBuildConfiguration;
			baseConfigurationReference = 5DA0B9D326F5820F2429CAEB /* Pods-The Color Rap Book.debug.xcconfig */;
			buildSettings = {
				ASSETCATALOG_COMPILER_APPICON_NAME = AppIcon;
				CODE_SIGN_STYLE = Automatic;
				DEVELOPMENT_TEAM = 35WMU34J2U;
				INFOPLIST_FILE = "The Color Rap Book/Info.plist";
				IPHONEOS_DEPLOYMENT_TARGET = 11.1;
				LD_RUNPATH_SEARCH_PATHS = (
					"$(inherited)",
					"@executable_path/Frameworks",
				);
				PRODUCT_BUNDLE_IDENTIFIER = "mattewsmith.The-Color-Rap-Book";
				PRODUCT_NAME = "Color Rap Book";
				SWIFT_VERSION = 5.0;
				TARGETED_DEVICE_FAMILY = "1,2";
			};
			name = Debug;
		};
		533CC22E23ECC01C00871876 /* Release */ = {
			isa = XCBuildConfiguration;
			baseConfigurationReference = 07676FA4E971579E8076D6E4 /* Pods-The Color Rap Book.release.xcconfig */;
			buildSettings = {
				ASSETCATALOG_COMPILER_APPICON_NAME = AppIcon;
				CODE_SIGN_STYLE = Automatic;
				DEVELOPMENT_TEAM = 35WMU34J2U;
				INFOPLIST_FILE = "The Color Rap Book/Info.plist";
				IPHONEOS_DEPLOYMENT_TARGET = 11.1;
				LD_RUNPATH_SEARCH_PATHS = (
					"$(inherited)",
					"@executable_path/Frameworks",
				);
				PRODUCT_BUNDLE_IDENTIFIER = "mattewsmith.The-Color-Rap-Book";
				PRODUCT_NAME = "Color Rap Book";
				SWIFT_VERSION = 5.0;
				TARGETED_DEVICE_FAMILY = "1,2";
			};
			name = Release;
		};
		533CC23023ECC01C00871876 /* Debug */ = {
			isa = XCBuildConfiguration;
			baseConfigurationReference = 905654F0A4217DD7DE35972E /* Pods-The Color Rap BookTests.debug.xcconfig */;
			buildSettings = {
				ALWAYS_EMBED_SWIFT_STANDARD_LIBRARIES = YES;
				BUNDLE_LOADER = "$(TEST_HOST)";
				CODE_SIGN_STYLE = Automatic;
				DEVELOPMENT_TEAM = Z52U7XV573;
				INFOPLIST_FILE = "The Color Rap BookTests/Info.plist";
				IPHONEOS_DEPLOYMENT_TARGET = 13.2;
				LD_RUNPATH_SEARCH_PATHS = (
					"$(inherited)",
					"@executable_path/Frameworks",
					"@loader_path/Frameworks",
				);
				PRODUCT_BUNDLE_IDENTIFIER = "yuxinliu.The-Color-Rap-BookTests";
				PRODUCT_NAME = "$(TARGET_NAME)";
				SWIFT_VERSION = 5.0;
				TARGETED_DEVICE_FAMILY = "1,2";
				TEST_HOST = "$(BUILT_PRODUCTS_DIR)/The Color Rap Book.app/The Color Rap Book";
			};
			name = Debug;
		};
		533CC23123ECC01C00871876 /* Release */ = {
			isa = XCBuildConfiguration;
			baseConfigurationReference = 077D78C2C5750E3FCFAA9463 /* Pods-The Color Rap BookTests.release.xcconfig */;
			buildSettings = {
				ALWAYS_EMBED_SWIFT_STANDARD_LIBRARIES = YES;
				BUNDLE_LOADER = "$(TEST_HOST)";
				CODE_SIGN_STYLE = Automatic;
				DEVELOPMENT_TEAM = Z52U7XV573;
				INFOPLIST_FILE = "The Color Rap BookTests/Info.plist";
				IPHONEOS_DEPLOYMENT_TARGET = 13.2;
				LD_RUNPATH_SEARCH_PATHS = (
					"$(inherited)",
					"@executable_path/Frameworks",
					"@loader_path/Frameworks",
				);
				PRODUCT_BUNDLE_IDENTIFIER = "yuxinliu.The-Color-Rap-BookTests";
				PRODUCT_NAME = "$(TARGET_NAME)";
				SWIFT_VERSION = 5.0;
				TARGETED_DEVICE_FAMILY = "1,2";
				TEST_HOST = "$(BUILT_PRODUCTS_DIR)/The Color Rap Book.app/The Color Rap Book";
			};
			name = Release;
		};
		533CC23323ECC01C00871876 /* Debug */ = {
			isa = XCBuildConfiguration;
			baseConfigurationReference = 7BF0A9A4EE338E812D0DCA68 /* Pods-The Color Rap Book-The Color Rap BookUITests.debug.xcconfig */;
			buildSettings = {
				ALWAYS_EMBED_SWIFT_STANDARD_LIBRARIES = YES;
				CODE_SIGN_STYLE = Automatic;
				DEVELOPMENT_TEAM = Z52U7XV573;
				INFOPLIST_FILE = "The Color Rap BookUITests/Info.plist";
				LD_RUNPATH_SEARCH_PATHS = (
					"$(inherited)",
					"@executable_path/Frameworks",
					"@loader_path/Frameworks",
				);
				PRODUCT_BUNDLE_IDENTIFIER = "yuxinliu.The-Color-Rap-BookUITests";
				PRODUCT_NAME = "$(TARGET_NAME)";
				SWIFT_VERSION = 5.0;
				TARGETED_DEVICE_FAMILY = "1,2";
				TEST_TARGET_NAME = "The Color Rap Book";
			};
			name = Debug;
		};
		533CC23423ECC01C00871876 /* Release */ = {
			isa = XCBuildConfiguration;
			baseConfigurationReference = 2FFC629788FD618D36A9B11B /* Pods-The Color Rap Book-The Color Rap BookUITests.release.xcconfig */;
			buildSettings = {
				ALWAYS_EMBED_SWIFT_STANDARD_LIBRARIES = YES;
				CODE_SIGN_STYLE = Automatic;
				DEVELOPMENT_TEAM = Z52U7XV573;
				INFOPLIST_FILE = "The Color Rap BookUITests/Info.plist";
				LD_RUNPATH_SEARCH_PATHS = (
					"$(inherited)",
					"@executable_path/Frameworks",
					"@loader_path/Frameworks",
				);
				PRODUCT_BUNDLE_IDENTIFIER = "yuxinliu.The-Color-Rap-BookUITests";
				PRODUCT_NAME = "$(TARGET_NAME)";
				SWIFT_VERSION = 5.0;
				TARGETED_DEVICE_FAMILY = "1,2";
				TEST_TARGET_NAME = "The Color Rap Book";
			};
			name = Release;
		};
/* End XCBuildConfiguration section */

/* Begin XCConfigurationList section */
		533CC1FA23ECC01A00871876 /* Build configuration list for PBXProject "The Color Rap Book" */ = {
			isa = XCConfigurationList;
			buildConfigurations = (
				533CC22A23ECC01C00871876 /* Debug */,
				533CC22B23ECC01C00871876 /* Release */,
			);
			defaultConfigurationIsVisible = 0;
			defaultConfigurationName = Release;
		};
		533CC22C23ECC01C00871876 /* Build configuration list for PBXNativeTarget "The Color Rap Book" */ = {
			isa = XCConfigurationList;
			buildConfigurations = (
				533CC22D23ECC01C00871876 /* Debug */,
				533CC22E23ECC01C00871876 /* Release */,
			);
			defaultConfigurationIsVisible = 0;
			defaultConfigurationName = Release;
		};
		533CC22F23ECC01C00871876 /* Build configuration list for PBXNativeTarget "The Color Rap BookTests" */ = {
			isa = XCConfigurationList;
			buildConfigurations = (
				533CC23023ECC01C00871876 /* Debug */,
				533CC23123ECC01C00871876 /* Release */,
			);
			defaultConfigurationIsVisible = 0;
			defaultConfigurationName = Release;
		};
		533CC23223ECC01C00871876 /* Build configuration list for PBXNativeTarget "The Color Rap BookUITests" */ = {
			isa = XCConfigurationList;
			buildConfigurations = (
				533CC23323ECC01C00871876 /* Debug */,
				533CC23423ECC01C00871876 /* Release */,
			);
			defaultConfigurationIsVisible = 0;
			defaultConfigurationName = Release;
		};
/* End XCConfigurationList section */

/* Begin XCVersionGroup section */
		533CC20B23ECC01A00871876 /* The_Color_Rap_Book.xcdatamodeld */ = {
			isa = XCVersionGroup;
			children = (
				533CC20C23ECC01A00871876 /* The_Color_Rap_Book.xcdatamodel */,
			);
			currentVersion = 533CC20C23ECC01A00871876 /* The_Color_Rap_Book.xcdatamodel */;
			path = The_Color_Rap_Book.xcdatamodeld;
			sourceTree = "<group>";
			versionGroupType = wrapper.xcdatamodel;
		};
		53A09BE724182C0C00077EEB /* The_Color_Rap_Book.xcdatamodeld */ = {
			isa = XCVersionGroup;
			children = (
				53A09BE824182C0C00077EEB /* The_Color_Rap_Book.xcdatamodel */,
			);
			currentVersion = 53A09BE824182C0C00077EEB /* The_Color_Rap_Book.xcdatamodel */;
			path = The_Color_Rap_Book.xcdatamodeld;
			sourceTree = "<group>";
			versionGroupType = wrapper.xcdatamodel;
		};
/* End XCVersionGroup section */
	};
	rootObject = 533CC1F723ECC01A00871876 /* Project object */;
}
